schema: '2.0'
stages:
  data_ingestion:
    cmd: python src/data_ingestion.py
    deps:
    - path: src/data_ingestion.py
      hash: md5
      md5: 9ceacab7bdaffd08f3b22d4ed460436e
      size: 2794
    params:
      params.yaml:
        data_ingestion.test_size: 0.2
    outs:
    - path: data/raw
      hash: md5
      md5: 1a287d34dc172d9f950c03dae35f7e73.dir
      size: 484846
      nfiles: 2
  data_preprocessing:
    cmd: python src/data_preprocessing.py
    deps:
    - path: data/raw
      hash: md5
      md5: 1a287d34dc172d9f950c03dae35f7e73.dir
      size: 484846
      nfiles: 2
    - path: src/data_preprocessing.py
      hash: md5
      md5: d1bdb2d1e7b477e0bb30d20f541632e5
      size: 3504
    outs:
    - path: data/interim
      hash: md5
      md5: d99be5cb2b019d747166f90739fa6d08.dir
      size: 260073
      nfiles: 2
  feature_engineering:
    cmd: python src/feature_engineering.py
    deps:
    - path: data/interim
      hash: md5
      md5: d99be5cb2b019d747166f90739fa6d08.dir
      size: 260073
      nfiles: 2
    - path: src/feature_engineering.py
      hash: md5
      md5: 8b877d1f4416434c3c658a9621e0628d
      size: 3003
    params:
      params.yaml:
        feature_engineering.max_features: 30
    outs:
    - path: data/processed
      hash: md5
      md5: 563fba280ea924f9c88c85248dd02661.dir
      size: 718252
      nfiles: 2
  model_building:
    cmd: python src/model_building.py
    deps:
    - path: data/processed
      hash: md5
      md5: 563fba280ea924f9c88c85248dd02661.dir
      size: 718252
      nfiles: 2
    - path: src/model_building.py
      hash: md5
      md5: 6647dd439177e9d7e2249fa3af0e14bc
      size: 3530
    params:
      params.yaml:
        model_building.n_estimators: 20
        model_building.random_state: 4
    outs:
    - path: models/model.pkl
      hash: md5
      md5: ef21e6fbb507c2326dfa167cdfc195c4
      size: 593435
  model_evaluation:
    cmd: python src/model_evaluation.py
    deps:
    - path: models/model.pkl
      hash: md5
      md5: ef21e6fbb507c2326dfa167cdfc195c4
      size: 593435
    - path: src/model_evaluation.py
      hash: md5
      md5: a99f228f41371741a1a840bc3033cd39
      size: 3713
    outs:
    - path: reports/metrics.json
      hash: md5
      md5: deabe6ac599cfe3a0ef647afbb807a15
      size: 132
